// !$*UTF8*$!
{
	archiveVersion = 1;
	classes = {
	};
	objectVersion = 46;
	objects = {

/* Begin PBXBuildFile section */
		D014917818B6DCA800DCF32F /* Foundation.framework in Frameworks */ = {isa = PBXBuildFile; fileRef = D014917718B6DCA800DCF32F /* Foundation.framework */; };
		D014917A18B6DCA800DCF32F /* CoreGraphics.framework in Frameworks */ = {isa = PBXBuildFile; fileRef = D014917918B6DCA800DCF32F /* CoreGraphics.framework */; };
		D014917C18B6DCA800DCF32F /* UIKit.framework in Frameworks */ = {isa = PBXBuildFile; fileRef = D014917B18B6DCA800DCF32F /* UIKit.framework */; };
		D014918218B6DCA800DCF32F /* InfoPlist.strings in Resources */ = {isa = PBXBuildFile; fileRef = D014918018B6DCA800DCF32F /* InfoPlist.strings */; };
		D014918418B6DCA800DCF32F /* main.m in Sources */ = {isa = PBXBuildFile; fileRef = D014918318B6DCA800DCF32F /* main.m */; };
		D014918818B6DCA800DCF32F /* BNRAppDelegate.m in Sources */ = {isa = PBXBuildFile; fileRef = D014918718B6DCA800DCF32F /* BNRAppDelegate.m */; };
		D014918A18B6DCA800DCF32F /* Images.xcassets in Resources */ = {isa = PBXBuildFile; fileRef = D014918918B6DCA800DCF32F /* Images.xcassets */; };
		D014919118B6DCA800DCF32F /* XCTest.framework in Frameworks */ = {isa = PBXBuildFile; fileRef = D014919018B6DCA800DCF32F /* XCTest.framework */; };
		D014919218B6DCA800DCF32F /* Foundation.framework in Frameworks */ = {isa = PBXBuildFile; fileRef = D014917718B6DCA800DCF32F /* Foundation.framework */; };
		D014919318B6DCA800DCF32F /* UIKit.framework in Frameworks */ = {isa = PBXBuildFile; fileRef = D014917B18B6DCA800DCF32F /* UIKit.framework */; };
		D014919B18B6DCA800DCF32F /* InfoPlist.strings in Resources */ = {isa = PBXBuildFile; fileRef = D014919918B6DCA800DCF32F /* InfoPlist.strings */; };
		D014919D18B6DCA800DCF32F /* QuizTests.m in Sources */ = {isa = PBXBuildFile; fileRef = D014919C18B6DCA800DCF32F /* QuizTests.m */; };
/* End PBXBuildFile section */

/* Begin PBXContainerItemProxy section */
		D014919418B6DCA800DCF32F /* PBXContainerItemProxy */ = {
			isa = PBXContainerItemProxy;
			containerPortal = D014916C18B6DCA800DCF32F /* Project object */;
			proxyType = 1;
			remoteGlobalIDString = D014917318B6DCA800DCF32F;
			remoteInfo = Quiz;
		};
/* End PBXContainerItemProxy section */

/* Begin PBXFileReference section */
		D014917418B6DCA800DCF32F /* Quiz.app */ = {isa = PBXFileReference; explicitFileType = wrapper.application; includeInIndex = 0; path = Quiz.app; sourceTree = BUILT_PRODUCTS_DIR; };
		D014917718B6DCA800DCF32F /* Foundation.framework */ = {isa = PBXFileReference; lastKnownFileType = wrapper.framework; name = Foundation.framework; path = System/Library/Frameworks/Foundation.framework; sourceTree = SDKROOT; };
		D014917918B6DCA800DCF32F /* CoreGraphics.framework */ = {isa = PBXFileReference; lastKnownFileType = wrapper.framework; name = CoreGraphics.framework; path = System/Library/Frameworks/CoreGraphics.framework; sourceTree = SDKROOT; };
		D014917B18B6DCA800DCF32F /* UIKit.framework */ = {isa = PBXFileReference; lastKnownFileType = wrapper.framework; name = UIKit.framework; path = System/Library/Frameworks/UIKit.framework; sourceTree = SDKROOT; };
		D014917F18B6DCA800DCF32F /* Quiz-Info.plist */ = {isa = PBXFileReference; lastKnownFileType = text.plist.xml; path = "Quiz-Info.plist"; sourceTree = "<group>"; };
		D014918118B6DCA800DCF32F /* en */ = {isa = PBXFileReference; lastKnownFileType = text.plist.strings; name = en; path = en.lproj/InfoPlist.strings; sourceTree = "<group>"; };
		D014918318B6DCA800DCF32F /* main.m */ = {isa = PBXFileReference; lastKnownFileType = sourcecode.c.objc; path = main.m; sourceTree = "<group>"; };
		D014918518B6DCA800DCF32F /* Quiz-Prefix.pch */ = {isa = PBXFileReference; lastKnownFileType = sourcecode.c.h; path = "Quiz-Prefix.pch"; sourceTree = "<group>"; };
		D014918618B6DCA800DCF32F /* BNRAppDelegate.h */ = {isa = PBXFileReference; lastKnownFileType = sourcecode.c.h; path = BNRAppDelegate.h; sourceTree = "<group>"; };
		D014918718B6DCA800DCF32F /* BNRAppDelegate.m */ = {isa = PBXFileReference; lastKnownFileType = sourcecode.c.objc; path = BNRAppDelegate.m; sourceTree = "<group>"; };
		D014918918B6DCA800DCF32F /* Images.xcassets */ = {isa = PBXFileReference; lastKnownFileType = folder.assetcatalog; path = Images.xcassets; sourceTree = "<group>"; };
		D014918F18B6DCA800DCF32F /* QuizTests.xctest */ = {isa = PBXFileReference; explicitFileType = wrapper.cfbundle; includeInIndex = 0; path = QuizTests.xctest; sourceTree = BUILT_PRODUCTS_DIR; };
		D014919018B6DCA800DCF32F /* XCTest.framework */ = {isa = PBXFileReference; lastKnownFileType = wrapper.framework; name = XCTest.framework; path = Library/Frameworks/XCTest.framework; sourceTree = DEVELOPER_DIR; };
		D014919818B6DCA800DCF32F /* QuizTests-Info.plist */ = {isa = PBXFileReference; lastKnownFileType = text.plist.xml; path = "QuizTests-Info.plist"; sourceTree = "<group>"; };
		D014919A18B6DCA800DCF32F /* en */ = {isa = PBXFileReference; lastKnownFileType = text.plist.strings; name = en; path = en.lproj/InfoPlist.strings; sourceTree = "<group>"; };
		D014919C18B6DCA800DCF32F /* QuizTests.m */ = {isa = PBXFileReference; lastKnownFileType = sourcecode.c.objc; path = QuizTests.m; sourceTree = "<group>"; };
/* End PBXFileReference section */

/* Begin PBXFrameworksBuildPhase section */
		D014917118B6DCA800DCF32F /* Frameworks */ = {
			isa = PBXFrameworksBuildPhase;
			buildActionMask = 2147483647;
			files = (
				D014917A18B6DCA800DCF32F /* CoreGraphics.framework in Frameworks */,
				D014917C18B6DCA800DCF32F /* UIKit.framework in Frameworks */,
				D014917818B6DCA800DCF32F /* Foundation.framework in Frameworks */,
			);
			runOnlyForDeploymentPostprocessing = 0;
		};
		D014918C18B6DCA800DCF32F /* Frameworks */ = {
			isa = PBXFrameworksBuildPhase;
			buildActionMask = 2147483647;
			files = (
				D014919118B6DCA800DCF32F /* XCTest.framework in Frameworks */,
				D014919318B6DCA800DCF32F /* UIKit.framework in Frameworks */,
				D014919218B6DCA800DCF32F /* Foundation.framework in Frameworks */,
			);
			runOnlyForDeploymentPostprocessing = 0;
		};
/* End PBXFrameworksBuildPhase section */

/* Begin PBXGroup section */
		D014916B18B6DCA800DCF32F = {
			isa = PBXGroup;
			children = (
				D014917D18B6DCA800DCF32F /* Quiz */,
				D014919618B6DCA800DCF32F /* QuizTests */,
				D014917618B6DCA800DCF32F /* Frameworks */,
				D014917518B6DCA800DCF32F /* Products */,
			);
			sourceTree = "<group>";
		};
		D014917518B6DCA800DCF32F /* Products */ = {
			isa = PBXGroup;
			children = (
				D014917418B6DCA800DCF32F /* Quiz.app */,
				D014918F18B6DCA800DCF32F /* QuizTests.xctest */,
			);
			name = Products;
			sourceTree = "<group>";
		};
		D014917618B6DCA800DCF32F /* Frameworks */ = {
			isa = PBXGroup;
			children = (
				D014917718B6DCA800DCF32F /* Foundation.framework */,
				D014917918B6DCA800DCF32F /* CoreGraphics.framework */,
				D014917B18B6DCA800DCF32F /* UIKit.framework */,
				D014919018B6DCA800DCF32F /* XCTest.framework */,
			);
			name = Frameworks;
			sourceTree = "<group>";
		};
		D014917D18B6DCA800DCF32F /* Quiz */ = {
			isa = PBXGroup;
			children = (
				D014918618B6DCA800DCF32F /* BNRAppDelegate.h */,
				D014918718B6DCA800DCF32F /* BNRAppDelegate.m */,
				D014918918B6DCA800DCF32F /* Images.xcassets */,
				D014917E18B6DCA800DCF32F /* Supporting Files */,
			);
			path = Quiz;
			sourceTree = "<group>";
		};
		D014917E18B6DCA800DCF32F /* Supporting Files */ = {
			isa = PBXGroup;
			children = (
				D014917F18B6DCA800DCF32F /* Quiz-Info.plist */,
				D014918018B6DCA800DCF32F /* InfoPlist.strings */,
				D014918318B6DCA800DCF32F /* main.m */,
				D014918518B6DCA800DCF32F /* Quiz-Prefix.pch */,
			);
			name = "Supporting Files";
			sourceTree = "<group>";
		};
		D014919618B6DCA800DCF32F /* QuizTests */ = {
			isa = PBXGroup;
			children = (
				D014919C18B6DCA800DCF32F /* QuizTests.m */,
				D014919718B6DCA800DCF32F /* Supporting Files */,
			);
			path = QuizTests;
			sourceTree = "<group>";
		};
		D014919718B6DCA800DCF32F /* Supporting Files */ = {
			isa = PBXGroup;
			children = (
				D014919818B6DCA800DCF32F /* QuizTests-Info.plist */,
				D014919918B6DCA800DCF32F /* InfoPlist.strings */,
			);
			name = "Supporting Files";
			sourceTree = "<group>";
		};
/* End PBXGroup section */

/* Begin PBXNativeTarget section */
		D014917318B6DCA800DCF32F /* Quiz */ = {
			isa = PBXNativeTarget;
			buildConfigurationList = D01491A018B6DCA800DCF32F /* Build configuration list for PBXNativeTarget "Quiz" */;
			buildPhases = (
				D014917018B6DCA800DCF32F /* Sources */,
				D014917118B6DCA800DCF32F /* Frameworks */,
				D014917218B6DCA800DCF32F /* Resources */,
			);
			buildRules = (
			);
			dependencies = (
			);
			name = Quiz;
			productName = Quiz;
			productReference = D014917418B6DCA800DCF32F /* Quiz.app */;
			productType = "com.apple.product-type.application";
		};
		D014918E18B6DCA800DCF32F /* QuizTests */ = {
			isa = PBXNativeTarget;
			buildConfigurationList = D01491A318B6DCA800DCF32F /* Build configuration list for PBXNativeTarget "QuizTests" */;
			buildPhases = (
				D014918B18B6DCA800DCF32F /* Sources */,
				D014918C18B6DCA800DCF32F /* Frameworks */,
				D014918D18B6DCA800DCF32F /* Resources */,
			);
			buildRules = (
			);
			dependencies = (
				D014919518B6DCA800DCF32F /* PBXTargetDependency */,
			);
			name = QuizTests;
			productName = QuizTests;
			productReference = D014918F18B6DCA800DCF32F /* QuizTests.xctest */;
			productType = "com.apple.product-type.bundle.unit-test";
		};
/* End PBXNativeTarget section */

/* Begin PBXProject section */
		D014916C18B6DCA800DCF32F /* Project object */ = {
			isa = PBXProject;
			attributes = {
				CLASSPREFIX = BNR;
				LastUpgradeCheck = 0510;
				ORGANIZATIONNAME = "Justin Steffen";
				TargetAttributes = {
					D014918E18B6DCA800DCF32F = {
						TestTargetID = D014917318B6DCA800DCF32F;
					};
				};
			};
			buildConfigurationList = D014916F18B6DCA800DCF32F /* Build configuration list for PBXProject "Quiz" */;
			compatibilityVersion = "Xcode 3.2";
			developmentRegion = English;
			hasScannedForEncodings = 0;
			knownRegions = (
				en,
			);
			mainGroup = D014916B18B6DCA800DCF32F;
			productRefGroup = D014917518B6DCA800DCF32F /* Products */;
			projectDirPath = "";
			projectRoot = "";
			targets = (
				D014917318B6DCA800DCF32F /* Quiz */,
				D014918E18B6DCA800DCF32F /* QuizTests */,
			);
		};
/* End PBXProject section */

/* Begin PBXResourcesBuildPhase section */
		D014917218B6DCA800DCF32F /* Resources */ = {
			isa = PBXResourcesBuildPhase;
			buildActionMask = 2147483647;
			files = (
				D014918218B6DCA800DCF32F /* InfoPlist.strings in Resources */,
				D014918A18B6DCA800DCF32F /* Images.xcassets in Resources */,
			);
			runOnlyForDeploymentPostprocessing = 0;
		};
		D014918D18B6DCA800DCF32F /* Resources */ = {
			isa = PBXResourcesBuildPhase;
			buildActionMask = 2147483647;
			files = (
				D014919B18B6DCA800DCF32F /* InfoPlist.strings in Resources */,
			);
			runOnlyForDeploymentPostprocessing = 0;
		};
/* End PBXResourcesBuildPhase section */

/* Begin PBXSourcesBuildPhase section */
		D014917018B6DCA800DCF32F /* Sources */ = {
			isa = PBXSourcesBuildPhase;
			buildActionMask = 2147483647;
			files = (
				D014918418B6DCA800DCF32F /* main.m in Sources */,
				D014918818B6DCA800DCF32F /* BNRAppDelegate.m in Sources */,
			);
			runOnlyForDeploymentPostprocessing = 0;
		};
		D014918B18B6DCA800DCF32F /* Sources */ = {
			isa = PBXSourcesBuildPhase;
			buildActionMask = 2147483647;
			files = (
				D014919D18B6DCA800DCF32F /* QuizTests.m in Sources */,
			);
			runOnlyForDeploymentPostprocessing = 0;
		};
/* End PBXSourcesBuildPhase section */

/* Begin PBXTargetDependency section */
		D014919518B6DCA800DCF32F /* PBXTargetDependency */ = {
			isa = PBXTargetDependency;
			target = D014917318B6DCA800DCF32F /* Quiz */;
			targetProxy = D014919418B6DCA800DCF32F /* PBXContainerItemProxy */;
		};
/* End PBXTargetDependency section */

/* Begin PBXVariantGroup section */
		D014918018B6DCA800DCF32F /* InfoPlist.strings */ = {
			isa = PBXVariantGroup;
			children = (
				D014918118B6DCA800DCF32F /* en */,
			);
			name = InfoPlist.strings;
			sourceTree = "<group>";
		};
		D014919918B6DCA800DCF32F /* InfoPlist.strings */ = {
			isa = PBXVariantGroup;
			children = (
				D014919A18B6DCA800DCF32F /* en */,
			);
			name = InfoPlist.strings;
			sourceTree = "<group>";
		};
/* End PBXVariantGroup section */

/* Begin XCBuildConfiguration section */
		D014919E18B6DCA800DCF32F /* Debug */ = {
			isa = XCBuildConfiguration;
			buildSettings = {
				ALWAYS_SEARCH_USER_PATHS = NO;
				CLANG_CXX_LANGUAGE_STANDARD = "gnu++0x";
				CLANG_CXX_LIBRARY = "libc++";
				CLANG_ENABLE_MODULES = YES;
				CLANG_ENABLE_OBJC_ARC = YES;
				CLANG_WARN_BOOL_CONVERSION = YES;
				CLANG_WARN_CONSTANT_CONVERSION = YES;
				CLANG_WARN_DIRECT_OBJC_ISA_USAGE = YES_ERROR;
				CLANG_WARN_EMPTY_BODY = YES;
				CLANG_WARN_ENUM_CONVERSION = YES;
				CLANG_WARN_INT_CONVERSION = YES;
				CLANG_WARN_OBJC_ROOT_CLASS = YES_ERROR;
				CLANG_WARN__DUPLICATE_METHOD_MATCH = YES;
				"CODE_SIGN_IDENTITY[sdk=iphoneos*]" = "iPhone Developer";
				COPY_PHASE_STRIP = NO;
				GCC_C_LANGUAGE_STANDARD = gnu99;
				GCC_DYNAMIC_NO_PIC = NO;
				GCC_OPTIMIZATION_LEVEL = 0;
				GCC_PREPROCESSOR_DEFINITIONS = (
					"DEBUG=1",
					"$(inherited)",
				);
				GCC_SYMBOLS_PRIVATE_EXTERN = NO;
				GCC_WARN_64_TO_32_BIT_CONVERSION = YES;
				GCC_WARN_ABOUT_RETURN_TYPE = YES_ERROR;
				GCC_WARN_UNDECLARED_SELECTOR = YES;
				GCC_WARN_UNINITIALIZED_AUTOS = YES_AGGRESSIVE;
				GCC_WARN_UNUSED_FUNCTION = YES;
				GCC_WARN_UNUSED_VARIABLE = YES;
				IPHONEOS_DEPLOYMENT_TARGET = 7.1;
				ONLY_ACTIVE_ARCH = YES;
				SDKROOT = iphoneos;
			};
			name = Debug;
		};
		D014919F18B6DCA800DCF32F /* Release */ = {
			isa = XCBuildConfiguration;
			buildSettings = {
				ALWAYS_SEARCH_USER_PATHS = NO;
				CLANG_CXX_LANGUAGE_STANDARD = "gnu++0x";
				CLANG_CXX_LIBRARY = "libc++";
				CLANG_ENABLE_MODULES = YES;
				CLANG_ENABLE_OBJC_ARC = YES;
				CLANG_WARN_BOOL_CONVERSION = YES;
				CLANG_WARN_CONSTANT_CONVERSION = YES;
				CLANG_WARN_DIRECT_OBJC_ISA_USAGE = YES_ERROR;
				CLANG_WARN_EMPTY_BODY = YES;
				CLANG_WARN_ENUM_CONVERSION = YES;
				CLANG_WARN_INT_CONVERSION = YES;
				CLANG_WARN_OBJC_ROOT_CLASS = YES_ERROR;
				CLANG_WARN__DUPLICATE_METHOD_MATCH = YES;
				"CODE_SIGN_IDENTITY[sdk=iphoneos*]" = "iPhone Developer";
				COPY_PHASE_STRIP = YES;
				ENABLE_NS_ASSERTIONS = NO;
				GCC_C_LANGUAGE_STANDARD = gnu99;
				GCC_WARN_64_TO_32_BIT_CONVERSION = YES;
				GCC_WARN_ABOUT_RETURN_TYPE = YES_ERROR;
				GCC_WARN_UNDECLARED_SELECTOR = YES;
				GCC_WARN_UNINITIALIZED_AUTOS = YES_AGGRESSIVE;
				GCC_WARN_UNUSED_FUNCTION = YES;
				GCC_WARN_UNUSED_VARIABLE = YES;
				IPHONEOS_DEPLOYMENT_TARGET = 7.1;
				SDKROOT = iphoneos;
				VALIDATE_PRODUCT = YES;
			};
			name = Release;
		};
		D01491A118B6DCA800DCF32F /* Debug */ = {
			isa = XCBuildConfiguration;
			buildSettings = {
				ASSETCATALOG_COMPILER_APPICON_NAME = AppIcon;
				ASSETCATALOG_COMPILER_LAUNCHIMAGE_NAME = LaunchImage;
				GCC_PRECOMPILE_PREFIX_HEADER = YES;
				GCC_PREFIX_HEADER = "Quiz/Quiz-Prefix.pch";
				INFOPLIST_FILE = "Quiz/Quiz-Info.plist";
				PRODUCT_NAME = "$(TARGET_NAME)";
				WRAPPER_EXTENSION = app;
			};
			name = Debug;
		};
		D01491A218B6DCA800DCF32F /* Release */ = {
			isa = XCBuildConfiguration;
			buildSettings = {
				ASSETCATALOG_COMPILER_APPICON_NAME = AppIcon;
				ASSETCATALOG_COMPILER_LAUNCHIMAGE_NAME = LaunchImage;
				GCC_PRECOMPILE_PREFIX_HEADER = YES;
				GCC_PREFIX_HEADER = "Quiz/Quiz-Prefix.pch";
				INFOPLIST_FILE = "Quiz/Quiz-Info.plist";
				PRODUCT_NAME = "$(TARGET_NAME)";
				WRAPPER_EXTENSION = app;
			};
			name = Release;
		};
		D01491A418B6DCA800DCF32F /* Debug */ = {
			isa = XCBuildConfiguration;
			buildSettings = {
				BUNDLE_LOADER = "$(BUILT_PRODUCTS_DIR)/Quiz.app/Quiz";
				FRAMEWORK_SEARCH_PATHS = (
					"$(SDKROOT)/Developer/Library/Frameworks",
					"$(inherited)",
					"$(DEVELOPER_FRAMEWORKS_DIR)",
				);
				GCC_PRECOMPILE_PREFIX_HEADER = YES;
				GCC_PREFIX_HEADER = "Quiz/Quiz-Prefix.pch";
				GCC_PREPROCESSOR_DEFINITIONS = (
					"DEBUG=1",
					"$(inherited)",
				);
				INFOPLIST_FILE = "QuizTests/QuizTests-Info.plist";
				PRODUCT_NAME = "$(TARGET_NAME)";
				TEST_HOST = "$(BUNDLE_LOADER)";
				WRAPPER_EXTENSION = xctest;
			};
			name = Debug;
		};
		D01491A518B6DCA800DCF32F /* Release */ = {
			isa = XCBuildConfiguration;
			buildSettings = {
				BUNDLE_LOADER = "$(BUILT_PRODUCTS_DIR)/Quiz.app/Quiz";
				FRAMEWORK_SEARCH_PATHS = (
					"$(SDKROOT)/Developer/Library/Frameworks",
					"$(inherited)",
					"$(DEVELOPER_FRAMEWORKS_DIR)",
				);
				GCC_PRECOMPILE_PREFIX_HEADER = YES;
				GCC_PREFIX_HEADER = "Quiz/Quiz-Prefix.pch";
				INFOPLIST_FILE = "QuizTests/QuizTests-Info.plist";
				PRODUCT_NAME = "$(TARGET_NAME)";
				TEST_HOST = "$(BUNDLE_LOADER)";
				WRAPPER_EXTENSION = xctest;
			};
			name = Release;
		};
/* End XCBuildConfiguration section */

/* Begin XCConfigurationList section */
		D014916F18B6DCA800DCF32F /* Build configuration list for PBXProject "Quiz" */ = {
			isa = XCConfigurationList;
			buildConfigurations = (
				D014919E18B6DCA800DCF32F /* Debug */,
				D014919F18B6DCA800DCF32F /* Release */,
			);
			defaultConfigurationIsVisible = 0;
			defaultConfigurationName = Release;
		};
		D01491A018B6DCA800DCF32F /* Build configuration list for PBXNativeTarget "Quiz" */ = {
			isa = XCConfigurationList;
			buildConfigurations = (
				D01491A118B6DCA800DCF32F /* Debug */,
				D01491A218B6DCA800DCF32F /* Release */,
			);
			defaultConfigurationIsVisible = 0;
		};
		D01491A318B6DCA800DCF32F /* Build configuration list for PBXNativeTarget "QuizTests" */ = {
			isa = XCConfigurationList;
			buildConfigurations = (
				D01491A418B6DCA800DCF32F /* Debug */,
				D01491A518B6DCA800DCF32F /* Release */,
			);
			defaultConfigurationIsVisible = 0;
		};
/* End XCConfigurationList section */
	};
	rootObject = D014916C18B6DCA800DCF32F /* Project object */;
}
